
Microsoft Visual Studio Solution File, Format Version 12.00
# Visual Studio Version 17
VisualStudioVersion = 17.5.33424.131
MinimumVisualStudioVersion = 10.0.40219.1
Project("{9A19103F-16F7-4668-BE54-9A1E7A4F7556}") = "StatusTxtMgr", "..\CaiAPI\StatusTxtMgr\StatusTxtMgr.csproj", "{822D329E-81DD-4C9C-9384-AAAA407D1958}"
EndProject
Project("{9A19103F-16F7-4668-BE54-9A1E7A4F7556}") = "SSCManager", "SSCManager\SSCManager.csproj", "{1EFFC805-87AF-40D4-95CA-4A49F22B9DD2}"
EndProject
Project("{9A19103F-16F7-4668-BE54-9A1E7A4F7556}") = "GameStatus", "GameStatus\GameStatus.csproj", "{26AB0D9A-776C-40F1-9AF9-0BE005B5E167}"
EndProject
Project("{9A19103F-16F7-4668-BE54-9A1E7A4F7556}") = "Parkour", "Parkour\Parkour.csproj", "{214506DC-595F-4811-B559-FDC5329AD291}"
EndProject
Project("{9A19103F-16F7-4668-BE54-9A1E7A4F7556}") = "SwitchCommands", "SwitchCommands\SwitchCommands.csproj", "{9F277B60-5525-4A09-80DD-DC3885ED31E6}"
EndProject
Project("{9A19103F-16F7-4668-BE54-9A1E7A4F7556}") = "PlaceholderAPI", "PlaceholderAPI\PlaceholderAPI.csproj", "{301E504A-4F46-418F-9D15-20C990AD884E}"
EndProject
Project("{9A19103F-16F7-4668-BE54-9A1E7A4F7556}") = "XSB", "..\库存测试\XSB.csproj", "{60BE235D-8D87-41B1-894A-A5D1F273BD7B}"
EndProject
Project("{9A19103F-16F7-4668-BE54-9A1E7A4F7556}") = "Ping", "Ping\Ping.csproj", "{8A6619C5-6BAD-4BEE-B439-EB72B5E272DE}"
EndProject
Project("{9A19103F-16F7-4668-BE54-9A1E7A4F7556}") = "LobbyManager", "LobbyManager\LobbyManager.csproj", "{8C91F04C-1A29-4EEE-A028-4DBD33AC4A3F}"
EndProject
Project("{9A19103F-16F7-4668-BE54-9A1E7A4F7556}") = "ProjSpawner", "ProjSpawner\ProjSpawner.csproj", "{39AD46F9-9BC0-40FB-8174-F65AB534B9F1}"
EndProject
Project("{9A19103F-16F7-4668-BE54-9A1E7A4F7556}") = "Chameleon", "..\Chameleon\Chameleon.csproj", "{80677650-FF07-4975-A44B-6E9613C74A15}"
EndProject
Project("{9A19103F-16F7-4668-BE54-9A1E7A4F7556}") = "StatusInfo", "StatusInfo\StatusInfo.csproj", "{2E650B58-173C-4E67-9BEF-F9032B3F3ABB}"
EndProject
Project("{9A19103F-16F7-4668-BE54-9A1E7A4F7556}") = "ServerFPS", "ServerFPS\ServerFPS.csproj", "{3BD4A80B-ACE7-48DE-80B3-6B8B0330A3EE}"
EndProject
Project("{9A19103F-16F7-4668-BE54-9A1E7A4F7556}") = "泰拉祭坛", "ClearPlayer\泰拉祭坛.csproj", "{54C4CACF-5E32-4F25-A4B2-A514EB2C6A60}"
EndProject
Project("{9A19103F-16F7-4668-BE54-9A1E7A4F7556}") = "TimeBoss", "..\TimeBoss\TimeBoss.csproj", "{E8AD1796-2996-4957-AD5A-550218A1D366}"
EndProject
Project("{9A19103F-16F7-4668-BE54-9A1E7A4F7556}") = "TPA", "..\TPA\TPA.csproj", "{8609407B-568C-497B-9E7E-03976DE11750}"
EndProject
Project("{9A19103F-16F7-4668-BE54-9A1E7A4F7556}") = "VeinMiner", "..\VeinMiner-master\VeinMiner\VeinMiner.csproj", "{8C4F69F3-7E6D-413A-98EE-585313AD3A9B}"
EndProject
Project("{9A19103F-16F7-4668-BE54-9A1E7A4F7556}") = "Replenisher", "..\Replenisher\Replenisher\Replenisher.csproj", "{0513DE8F-2FA9-410B-943C-7067CAD72211}"
EndProject
Project("{9A19103F-16F7-4668-BE54-9A1E7A4F7556}") = "奇奇怪怪", "奇奇怪怪\奇奇怪怪.csproj", "{801CB075-B331-4D50-87A9-BA3E9EA76566}"
EndProject
Project("{9A19103F-16F7-4668-BE54-9A1E7A4F7556}") = "TimerKeeper", "TimerKeeper\TimerKeeper.csproj", "{AEA59B88-7A8B-4597-A6BD-CDEA0E78FC6A}"
EndProject
Project("{9A19103F-16F7-4668-BE54-9A1E7A4F7556}") = "Platform", "Platform\Platform.csproj", "{9F600745-F4B7-4569-9DAD-3B21500A2B4B}"
EndProject
Project("{9A19103F-16F7-4668-BE54-9A1E7A4F7556}") = "TrProtocol", "TrProtocol\TrProtocol\TrProtocol.csproj", "{F47E2D55-3983-4836-AFCC-AC8EE20C076E}"
EndProject
Project("{9A19103F-16F7-4668-BE54-9A1E7A4F7556}") = "TrClientTest", "TrProtocol\TrClientTest\TrClientTest.csproj", "{5F7E7350-3FB3-472E-83C2-E6A46ED76152}"
EndProject
Project("{9A19103F-16F7-4668-BE54-9A1E7A4F7556}") = "TrClient", "TrProtocol\TrClient\TrClient.csproj", "{E222B771-58F7-49FB-8660-211B4BD1047A}"
EndProject
Project("{9A19103F-16F7-4668-BE54-9A1E7A4F7556}") = "VotePlus", "VotePlus\VotePlus.csproj", "{5E4D4D0E-0749-4340-BAE7-17EC25F5FB08}"
EndProject
Project("{9A19103F-16F7-4668-BE54-9A1E7A4F7556}") = "CommandsBox", "CommandsBox\CommandsBox.csproj", "{5C2B5EDB-A804-445D-AA41-F162CD5B7ABA}"
EndProject
Project("{9A19103F-16F7-4668-BE54-9A1E7A4F7556}") = "Si", "..\Si\Si.csproj", "{4BE549EC-219F-4F04-B72D-E5868C279E77}"
EndProject
Project("{9A19103F-16F7-4668-BE54-9A1E7A4F7556}") = "BagPing", "BagPing\BagPing.csproj", "{5556DD0A-20D6-4E2F-879A-4A6A383F1005}"
EndProject
Project("{9A19103F-16F7-4668-BE54-9A1E7A4F7556}") = "WeekdayLimit", "WeekdayLimit\WeekdayLimit.csproj", "{127F8999-52E8-4430-BDB7-8E72E5C3F718}"
EndProject
Project("{9A19103F-16F7-4668-BE54-9A1E7A4F7556}") = "Bed War", "Bed War\Bed War.csproj", "{95E2CDD5-8A9E-464C-B270-4F1FC9E2EDB5}"
EndProject
Project("{9A19103F-16F7-4668-BE54-9A1E7A4F7556}") = "TShockUI", "TShockUI\TShockUI.csproj", "{AF797FAA-4A02-40F3-83FD-42B5AC4186F9}"
EndProject
Project("{9A19103F-16F7-4668-BE54-9A1E7A4F7556}") = "自定义武器", "自定武器\自定义武器.csproj", "{F23842DA-0B61-4F1D-A87B-01B8ACD09AB9}"
EndProject
Project("{9A19103F-16F7-4668-BE54-9A1E7A4F7556}") = "HideSeek", "HideSeek\HideSeek.csproj", "{41C13CE7-E3E4-4626-8EFA-870285EE45DC}"
EndProject
Project("{9A19103F-16F7-4668-BE54-9A1E7A4F7556}") = "MusicPlayer", "SongPlayer\MusicPlayer\MusicPlayer.csproj", "{9B23F66E-77E6-4695-ACD7-862EA2FF57CC}"
EndProject
Project("{9A19103F-16F7-4668-BE54-9A1E7A4F7556}") = "HelpPlus", "HelpPlus\HelpPlus.csproj", "{B944999F-EB9E-47F6-B50A-23D0AD210C8A}"
EndProject
Project("{9A19103F-16F7-4668-BE54-9A1E7A4F7556}") = "TrPortRest", "RestToTcp\TrPortRest.csproj", "{8197CAE4-56B0-4CEC-96B8-567D34B59DF9}"
EndProject
Project("{9A19103F-16F7-4668-BE54-9A1E7A4F7556}") = "AutoReset", "..\AutoReset\AutoReset.csproj", "{0BFAB44E-BC99-49F3-9F60-3A5E1DA977D2}"
EndProject
Project("{9A19103F-16F7-4668-BE54-9A1E7A4F7556}") = "ServerHelp", "ServerHelp\ServerHelp.csproj", "{6B197067-7587-4B26-9D6A-BE5687DD723C}"
EndProject
Project("{9A19103F-16F7-4668-BE54-9A1E7A4F7556}") = "UserCheck", "UserCheck\UserCheck.csproj", "{37E56F9A-E5BA-4B65-BA51-A8691545E9BE}"
EndProject
Project("{FAE04EC0-301F-11D3-BF4B-00C04F79EFBC}") = "WikiLangPackLoader", "WikiLangPackLoader\WikiLangPackLoader.csproj", "{97F09AE0-C22F-481D-AD20-FE3EE8832F3D}"
EndProject
Project("{9A19103F-16F7-4668-BE54-9A1E7A4F7556}") = "House-144", "House-144\House-144.csproj", "{CF14A846-B1E0-4BC0-AB03-B0F7BD7BB71B}"
EndProject
Global
	GlobalSection(SolutionConfigurationPlatforms) = preSolution
		Debug|Any CPU = Debug|Any CPU
		Debug|x64 = Debug|x64
		Release|Any CPU = Release|Any CPU
		Release|x64 = Release|x64
	EndGlobalSection
	GlobalSection(ProjectConfigurationPlatforms) = postSolution
		{822D329E-81DD-4C9C-9384-AAAA407D1958}.Debug|Any CPU.ActiveCfg = Debug|Any CPU
		{822D329E-81DD-4C9C-9384-AAAA407D1958}.Debug|Any CPU.Build.0 = Debug|Any CPU
		{822D329E-81DD-4C9C-9384-AAAA407D1958}.Debug|x64.ActiveCfg = Debug|Any CPU
		{822D329E-81DD-4C9C-9384-AAAA407D1958}.Debug|x64.Build.0 = Debug|Any CPU
		{822D329E-81DD-4C9C-9384-AAAA407D1958}.Release|Any CPU.ActiveCfg = Release|Any CPU
		{822D329E-81DD-4C9C-9384-AAAA407D1958}.Release|Any CPU.Build.0 = Release|Any CPU
		{822D329E-81DD-4C9C-9384-AAAA407D1958}.Release|x64.ActiveCfg = Release|Any CPU
		{822D329E-81DD-4C9C-9384-AAAA407D1958}.Release|x64.Build.0 = Release|Any CPU
		{1EFFC805-87AF-40D4-95CA-4A49F22B9DD2}.Debug|Any CPU.ActiveCfg = Debug|Any CPU
		{1EFFC805-87AF-40D4-95CA-4A49F22B9DD2}.Debug|Any CPU.Build.0 = Debug|Any CPU
		{1EFFC805-87AF-40D4-95CA-4A49F22B9DD2}.Debug|x64.ActiveCfg = Debug|Any CPU
		{1EFFC805-87AF-40D4-95CA-4A49F22B9DD2}.Debug|x64.Build.0 = Debug|Any CPU
		{1EFFC805-87AF-40D4-95CA-4A49F22B9DD2}.Release|Any CPU.ActiveCfg = Release|Any CPU
		{1EFFC805-87AF-40D4-95CA-4A49F22B9DD2}.Release|Any CPU.Build.0 = Release|Any CPU
		{1EFFC805-87AF-40D4-95CA-4A49F22B9DD2}.Release|x64.ActiveCfg = Release|Any CPU
		{1EFFC805-87AF-40D4-95CA-4A49F22B9DD2}.Release|x64.Build.0 = Release|Any CPU
		{26AB0D9A-776C-40F1-9AF9-0BE005B5E167}.Debug|Any CPU.ActiveCfg = Debug|Any CPU
		{26AB0D9A-776C-40F1-9AF9-0BE005B5E167}.Debug|Any CPU.Build.0 = Debug|Any CPU
		{26AB0D9A-776C-40F1-9AF9-0BE005B5E167}.Debug|x64.ActiveCfg = Debug|Any CPU
		{26AB0D9A-776C-40F1-9AF9-0BE005B5E167}.Debug|x64.Build.0 = Debug|Any CPU
		{26AB0D9A-776C-40F1-9AF9-0BE005B5E167}.Release|Any CPU.ActiveCfg = Release|Any CPU
		{26AB0D9A-776C-40F1-9AF9-0BE005B5E167}.Release|Any CPU.Build.0 = Release|Any CPU
		{26AB0D9A-776C-40F1-9AF9-0BE005B5E167}.Release|x64.ActiveCfg = Release|Any CPU
		{26AB0D9A-776C-40F1-9AF9-0BE005B5E167}.Release|x64.Build.0 = Release|Any CPU
		{214506DC-595F-4811-B559-FDC5329AD291}.Debug|Any CPU.ActiveCfg = Debug|Any CPU
		{214506DC-595F-4811-B559-FDC5329AD291}.Debug|Any CPU.Build.0 = Debug|Any CPU
		{214506DC-595F-4811-B559-FDC5329AD291}.Debug|x64.ActiveCfg = Debug|Any CPU
		{214506DC-595F-4811-B559-FDC5329AD291}.Debug|x64.Build.0 = Debug|Any CPU
		{214506DC-595F-4811-B559-FDC5329AD291}.Release|Any CPU.ActiveCfg = Release|Any CPU
		{214506DC-595F-4811-B559-FDC5329AD291}.Release|Any CPU.Build.0 = Release|Any CPU
		{214506DC-595F-4811-B559-FDC5329AD291}.Release|x64.ActiveCfg = Release|Any CPU
		{214506DC-595F-4811-B559-FDC5329AD291}.Release|x64.Build.0 = Release|Any CPU
		{9F277B60-5525-4A09-80DD-DC3885ED31E6}.Debug|Any CPU.ActiveCfg = Debug|Any CPU
		{9F277B60-5525-4A09-80DD-DC3885ED31E6}.Debug|Any CPU.Build.0 = Debug|Any CPU
		{9F277B60-5525-4A09-80DD-DC3885ED31E6}.Debug|x64.ActiveCfg = Debug|Any CPU
		{9F277B60-5525-4A09-80DD-DC3885ED31E6}.Debug|x64.Build.0 = Debug|Any CPU
		{9F277B60-5525-4A09-80DD-DC3885ED31E6}.Release|Any CPU.ActiveCfg = Release|Any CPU
		{9F277B60-5525-4A09-80DD-DC3885ED31E6}.Release|Any CPU.Build.0 = Release|Any CPU
		{9F277B60-5525-4A09-80DD-DC3885ED31E6}.Release|x64.ActiveCfg = Release|Any CPU
		{9F277B60-5525-4A09-80DD-DC3885ED31E6}.Release|x64.Build.0 = Release|Any CPU
		{301E504A-4F46-418F-9D15-20C990AD884E}.Debug|Any CPU.ActiveCfg = Debug|Any CPU
		{301E504A-4F46-418F-9D15-20C990AD884E}.Debug|Any CPU.Build.0 = Debug|Any CPU
		{301E504A-4F46-418F-9D15-20C990AD884E}.Debug|x64.ActiveCfg = Debug|Any CPU
		{301E504A-4F46-418F-9D15-20C990AD884E}.Debug|x64.Build.0 = Debug|Any CPU
		{301E504A-4F46-418F-9D15-20C990AD884E}.Release|Any CPU.ActiveCfg = Release|Any CPU
		{301E504A-4F46-418F-9D15-20C990AD884E}.Release|Any CPU.Build.0 = Release|Any CPU
		{301E504A-4F46-418F-9D15-20C990AD884E}.Release|x64.ActiveCfg = Release|Any CPU
		{301E504A-4F46-418F-9D15-20C990AD884E}.Release|x64.Build.0 = Release|Any CPU
		{60BE235D-8D87-41B1-894A-A5D1F273BD7B}.Debug|Any CPU.ActiveCfg = Debug|Any CPU
		{60BE235D-8D87-41B1-894A-A5D1F273BD7B}.Debug|Any CPU.Build.0 = Debug|Any CPU
		{60BE235D-8D87-41B1-894A-A5D1F273BD7B}.Debug|x64.ActiveCfg = Debug|Any CPU
		{60BE235D-8D87-41B1-894A-A5D1F273BD7B}.Debug|x64.Build.0 = Debug|Any CPU
		{60BE235D-8D87-41B1-894A-A5D1F273BD7B}.Release|Any CPU.ActiveCfg = Release|Any CPU
		{60BE235D-8D87-41B1-894A-A5D1F273BD7B}.Release|Any CPU.Build.0 = Release|Any CPU
		{60BE235D-8D87-41B1-894A-A5D1F273BD7B}.Release|x64.ActiveCfg = Release|Any CPU
		{60BE235D-8D87-41B1-894A-A5D1F273BD7B}.Release|x64.Build.0 = Release|Any CPU
		{8A6619C5-6BAD-4BEE-B439-EB72B5E272DE}.Debug|Any CPU.ActiveCfg = Debug|Any CPU
		{8A6619C5-6BAD-4BEE-B439-EB72B5E272DE}.Debug|Any CPU.Build.0 = Debug|Any CPU
		{8A6619C5-6BAD-4BEE-B439-EB72B5E272DE}.Debug|x64.ActiveCfg = Debug|Any CPU
		{8A6619C5-6BAD-4BEE-B439-EB72B5E272DE}.Debug|x64.Build.0 = Debug|Any CPU
		{8A6619C5-6BAD-4BEE-B439-EB72B5E272DE}.Release|Any CPU.ActiveCfg = Release|Any CPU
		{8A6619C5-6BAD-4BEE-B439-EB72B5E272DE}.Release|Any CPU.Build.0 = Release|Any CPU
		{8A6619C5-6BAD-4BEE-B439-EB72B5E272DE}.Release|x64.ActiveCfg = Release|Any CPU
		{8A6619C5-6BAD-4BEE-B439-EB72B5E272DE}.Release|x64.Build.0 = Release|Any CPU
		{8C91F04C-1A29-4EEE-A028-4DBD33AC4A3F}.Debug|Any CPU.ActiveCfg = Debug|Any CPU
		{8C91F04C-1A29-4EEE-A028-4DBD33AC4A3F}.Debug|Any CPU.Build.0 = Debug|Any CPU
		{8C91F04C-1A29-4EEE-A028-4DBD33AC4A3F}.Debug|x64.ActiveCfg = Debug|Any CPU
		{8C91F04C-1A29-4EEE-A028-4DBD33AC4A3F}.Debug|x64.Build.0 = Debug|Any CPU
		{8C91F04C-1A29-4EEE-A028-4DBD33AC4A3F}.Release|Any CPU.ActiveCfg = Release|Any CPU
		{8C91F04C-1A29-4EEE-A028-4DBD33AC4A3F}.Release|Any CPU.Build.0 = Release|Any CPU
		{8C91F04C-1A29-4EEE-A028-4DBD33AC4A3F}.Release|x64.ActiveCfg = Release|Any CPU
		{8C91F04C-1A29-4EEE-A028-4DBD33AC4A3F}.Release|x64.Build.0 = Release|Any CPU
		{39AD46F9-9BC0-40FB-8174-F65AB534B9F1}.Debug|Any CPU.ActiveCfg = Debug|Any CPU
		{39AD46F9-9BC0-40FB-8174-F65AB534B9F1}.Debug|Any CPU.Build.0 = Debug|Any CPU
		{39AD46F9-9BC0-40FB-8174-F65AB534B9F1}.Debug|x64.ActiveCfg = Debug|Any CPU
		{39AD46F9-9BC0-40FB-8174-F65AB534B9F1}.Debug|x64.Build.0 = Debug|Any CPU
		{39AD46F9-9BC0-40FB-8174-F65AB534B9F1}.Release|Any CPU.ActiveCfg = Release|Any CPU
		{39AD46F9-9BC0-40FB-8174-F65AB534B9F1}.Release|Any CPU.Build.0 = Release|Any CPU
		{39AD46F9-9BC0-40FB-8174-F65AB534B9F1}.Release|x64.ActiveCfg = Release|Any CPU
		{39AD46F9-9BC0-40FB-8174-F65AB534B9F1}.Release|x64.Build.0 = Release|Any CPU
		{80677650-FF07-4975-A44B-6E9613C74A15}.Debug|Any CPU.ActiveCfg = Debug|Any CPU
		{80677650-FF07-4975-A44B-6E9613C74A15}.Debug|Any CPU.Build.0 = Debug|Any CPU
		{80677650-FF07-4975-A44B-6E9613C74A15}.Debug|x64.ActiveCfg = Debug|Any CPU
		{80677650-FF07-4975-A44B-6E9613C74A15}.Debug|x64.Build.0 = Debug|Any CPU
		{80677650-FF07-4975-A44B-6E9613C74A15}.Release|Any CPU.ActiveCfg = Release|Any CPU
		{80677650-FF07-4975-A44B-6E9613C74A15}.Release|Any CPU.Build.0 = Release|Any CPU
		{80677650-FF07-4975-A44B-6E9613C74A15}.Release|x64.ActiveCfg = Release|Any CPU
		{80677650-FF07-4975-A44B-6E9613C74A15}.Release|x64.Build.0 = Release|Any CPU
		{2E650B58-173C-4E67-9BEF-F9032B3F3ABB}.Debug|Any CPU.ActiveCfg = Debug|Any CPU
		{2E650B58-173C-4E67-9BEF-F9032B3F3ABB}.Debug|Any CPU.Build.0 = Debug|Any CPU
		{2E650B58-173C-4E67-9BEF-F9032B3F3ABB}.Debug|x64.ActiveCfg = Debug|Any CPU
		{2E650B58-173C-4E67-9BEF-F9032B3F3ABB}.Debug|x64.Build.0 = Debug|Any CPU
		{2E650B58-173C-4E67-9BEF-F9032B3F3ABB}.Release|Any CPU.ActiveCfg = Release|Any CPU
		{2E650B58-173C-4E67-9BEF-F9032B3F3ABB}.Release|Any CPU.Build.0 = Release|Any CPU
		{2E650B58-173C-4E67-9BEF-F9032B3F3ABB}.Release|x64.ActiveCfg = Release|Any CPU
		{2E650B58-173C-4E67-9BEF-F9032B3F3ABB}.Release|x64.Build.0 = Release|Any CPU
		{3BD4A80B-ACE7-48DE-80B3-6B8B0330A3EE}.Debug|Any CPU.ActiveCfg = Debug|Any CPU
		{3BD4A80B-ACE7-48DE-80B3-6B8B0330A3EE}.Debug|Any CPU.Build.0 = Debug|Any CPU
		{3BD4A80B-ACE7-48DE-80B3-6B8B0330A3EE}.Debug|x64.ActiveCfg = Debug|Any CPU
		{3BD4A80B-ACE7-48DE-80B3-6B8B0330A3EE}.Debug|x64.Build.0 = Debug|Any CPU
		{3BD4A80B-ACE7-48DE-80B3-6B8B0330A3EE}.Release|Any CPU.ActiveCfg = Release|Any CPU
		{3BD4A80B-ACE7-48DE-80B3-6B8B0330A3EE}.Release|Any CPU.Build.0 = Release|Any CPU
		{3BD4A80B-ACE7-48DE-80B3-6B8B0330A3EE}.Release|x64.ActiveCfg = Release|Any CPU
		{3BD4A80B-ACE7-48DE-80B3-6B8B0330A3EE}.Release|x64.Build.0 = Release|Any CPU
		{54C4CACF-5E32-4F25-A4B2-A514EB2C6A60}.Debug|Any CPU.ActiveCfg = Debug|Any CPU
		{54C4CACF-5E32-4F25-A4B2-A514EB2C6A60}.Debug|Any CPU.Build.0 = Debug|Any CPU
		{54C4CACF-5E32-4F25-A4B2-A514EB2C6A60}.Debug|x64.ActiveCfg = Debug|Any CPU
		{54C4CACF-5E32-4F25-A4B2-A514EB2C6A60}.Debug|x64.Build.0 = Debug|Any CPU
		{54C4CACF-5E32-4F25-A4B2-A514EB2C6A60}.Release|Any CPU.ActiveCfg = Release|Any CPU
		{54C4CACF-5E32-4F25-A4B2-A514EB2C6A60}.Release|Any CPU.Build.0 = Release|Any CPU
		{54C4CACF-5E32-4F25-A4B2-A514EB2C6A60}.Release|x64.ActiveCfg = Release|Any CPU
		{54C4CACF-5E32-4F25-A4B2-A514EB2C6A60}.Release|x64.Build.0 = Release|Any CPU
		{E8AD1796-2996-4957-AD5A-550218A1D366}.Debug|Any CPU.ActiveCfg = Debug|Any CPU
		{E8AD1796-2996-4957-AD5A-550218A1D366}.Debug|Any CPU.Build.0 = Debug|Any CPU
		{E8AD1796-2996-4957-AD5A-550218A1D366}.Debug|x64.ActiveCfg = Debug|Any CPU
		{E8AD1796-2996-4957-AD5A-550218A1D366}.Debug|x64.Build.0 = Debug|Any CPU
		{E8AD1796-2996-4957-AD5A-550218A1D366}.Release|Any CPU.ActiveCfg = Release|Any CPU
		{E8AD1796-2996-4957-AD5A-550218A1D366}.Release|Any CPU.Build.0 = Release|Any CPU
		{E8AD1796-2996-4957-AD5A-550218A1D366}.Release|x64.ActiveCfg = Release|Any CPU
		{E8AD1796-2996-4957-AD5A-550218A1D366}.Release|x64.Build.0 = Release|Any CPU
		{8609407B-568C-497B-9E7E-03976DE11750}.Debug|Any CPU.ActiveCfg = Debug|Any CPU
		{8609407B-568C-497B-9E7E-03976DE11750}.Debug|Any CPU.Build.0 = Debug|Any CPU
		{8609407B-568C-497B-9E7E-03976DE11750}.Debug|x64.ActiveCfg = Debug|Any CPU
		{8609407B-568C-497B-9E7E-03976DE11750}.Debug|x64.Build.0 = Debug|Any CPU
		{8609407B-568C-497B-9E7E-03976DE11750}.Release|Any CPU.ActiveCfg = Release|Any CPU
		{8609407B-568C-497B-9E7E-03976DE11750}.Release|Any CPU.Build.0 = Release|Any CPU
		{8609407B-568C-497B-9E7E-03976DE11750}.Release|x64.ActiveCfg = Release|Any CPU
		{8609407B-568C-497B-9E7E-03976DE11750}.Release|x64.Build.0 = Release|Any CPU
		{8C4F69F3-7E6D-413A-98EE-585313AD3A9B}.Debug|Any CPU.ActiveCfg = Debug|Any CPU
		{8C4F69F3-7E6D-413A-98EE-585313AD3A9B}.Debug|Any CPU.Build.0 = Debug|Any CPU
		{8C4F69F3-7E6D-413A-98EE-585313AD3A9B}.Debug|x64.ActiveCfg = Debug|Any CPU
		{8C4F69F3-7E6D-413A-98EE-585313AD3A9B}.Debug|x64.Build.0 = Debug|Any CPU
		{8C4F69F3-7E6D-413A-98EE-585313AD3A9B}.Release|Any CPU.ActiveCfg = Release|Any CPU
		{8C4F69F3-7E6D-413A-98EE-585313AD3A9B}.Release|Any CPU.Build.0 = Release|Any CPU
		{8C4F69F3-7E6D-413A-98EE-585313AD3A9B}.Release|x64.ActiveCfg = Release|Any CPU
		{8C4F69F3-7E6D-413A-98EE-585313AD3A9B}.Release|x64.Build.0 = Release|Any CPU
		{0513DE8F-2FA9-410B-943C-7067CAD72211}.Debug|Any CPU.ActiveCfg = Debug|Any CPU
		{0513DE8F-2FA9-410B-943C-7067CAD72211}.Debug|Any CPU.Build.0 = Debug|Any CPU
		{0513DE8F-2FA9-410B-943C-7067CAD72211}.Debug|x64.ActiveCfg = Debug|x64
		{0513DE8F-2FA9-410B-943C-7067CAD72211}.Debug|x64.Build.0 = Debug|x64
		{0513DE8F-2FA9-410B-943C-7067CAD72211}.Release|Any CPU.ActiveCfg = Release|Any CPU
		{0513DE8F-2FA9-410B-943C-7067CAD72211}.Release|Any CPU.Build.0 = Release|Any CPU
		{0513DE8F-2FA9-410B-943C-7067CAD72211}.Release|x64.ActiveCfg = Release|x64
		{0513DE8F-2FA9-410B-943C-7067CAD72211}.Release|x64.Build.0 = Release|x64
		{801CB075-B331-4D50-87A9-BA3E9EA76566}.Debug|Any CPU.ActiveCfg = Debug|Any CPU
		{801CB075-B331-4D50-87A9-BA3E9EA76566}.Debug|Any CPU.Build.0 = Debug|Any CPU
		{801CB075-B331-4D50-87A9-BA3E9EA76566}.Debug|x64.ActiveCfg = Debug|Any CPU
		{801CB075-B331-4D50-87A9-BA3E9EA76566}.Debug|x64.Build.0 = Debug|Any CPU
		{801CB075-B331-4D50-87A9-BA3E9EA76566}.Release|Any CPU.ActiveCfg = Release|Any CPU
		{801CB075-B331-4D50-87A9-BA3E9EA76566}.Release|Any CPU.Build.0 = Release|Any CPU
		{801CB075-B331-4D50-87A9-BA3E9EA76566}.Release|x64.ActiveCfg = Release|Any CPU
		{801CB075-B331-4D50-87A9-BA3E9EA76566}.Release|x64.Build.0 = Release|Any CPU
		{AEA59B88-7A8B-4597-A6BD-CDEA0E78FC6A}.Debug|Any CPU.ActiveCfg = Debug|Any CPU
		{AEA59B88-7A8B-4597-A6BD-CDEA0E78FC6A}.Debug|Any CPU.Build.0 = Debug|Any CPU
		{AEA59B88-7A8B-4597-A6BD-CDEA0E78FC6A}.Debug|x64.ActiveCfg = Debug|Any CPU
		{AEA59B88-7A8B-4597-A6BD-CDEA0E78FC6A}.Debug|x64.Build.0 = Debug|Any CPU
		{AEA59B88-7A8B-4597-A6BD-CDEA0E78FC6A}.Release|Any CPU.ActiveCfg = Release|Any CPU
		{AEA59B88-7A8B-4597-A6BD-CDEA0E78FC6A}.Release|Any CPU.Build.0 = Release|Any CPU
		{AEA59B88-7A8B-4597-A6BD-CDEA0E78FC6A}.Release|x64.ActiveCfg = Release|Any CPU
		{AEA59B88-7A8B-4597-A6BD-CDEA0E78FC6A}.Release|x64.Build.0 = Release|Any CPU
		{9F600745-F4B7-4569-9DAD-3B21500A2B4B}.Debug|Any CPU.ActiveCfg = Debug|Any CPU
		{9F600745-F4B7-4569-9DAD-3B21500A2B4B}.Debug|Any CPU.Build.0 = Debug|Any CPU
		{9F600745-F4B7-4569-9DAD-3B21500A2B4B}.Debug|x64.ActiveCfg = Debug|Any CPU
		{9F600745-F4B7-4569-9DAD-3B21500A2B4B}.Debug|x64.Build.0 = Debug|Any CPU
		{9F600745-F4B7-4569-9DAD-3B21500A2B4B}.Release|Any CPU.ActiveCfg = Release|Any CPU
		{9F600745-F4B7-4569-9DAD-3B21500A2B4B}.Release|Any CPU.Build.0 = Release|Any CPU
		{9F600745-F4B7-4569-9DAD-3B21500A2B4B}.Release|x64.ActiveCfg = Release|Any CPU
		{9F600745-F4B7-4569-9DAD-3B21500A2B4B}.Release|x64.Build.0 = Release|Any CPU
		{F47E2D55-3983-4836-AFCC-AC8EE20C076E}.Debug|Any CPU.ActiveCfg = Debug|Any CPU
		{F47E2D55-3983-4836-AFCC-AC8EE20C076E}.Debug|Any CPU.Build.0 = Debug|Any CPU
		{F47E2D55-3983-4836-AFCC-AC8EE20C076E}.Debug|x64.ActiveCfg = Debug|Any CPU
		{F47E2D55-3983-4836-AFCC-AC8EE20C076E}.Debug|x64.Build.0 = Debug|Any CPU
		{F47E2D55-3983-4836-AFCC-AC8EE20C076E}.Release|Any CPU.ActiveCfg = Release|Any CPU
		{F47E2D55-3983-4836-AFCC-AC8EE20C076E}.Release|Any CPU.Build.0 = Release|Any CPU
		{F47E2D55-3983-4836-AFCC-AC8EE20C076E}.Release|x64.ActiveCfg = Release|Any CPU
		{F47E2D55-3983-4836-AFCC-AC8EE20C076E}.Release|x64.Build.0 = Release|Any CPU
		{5F7E7350-3FB3-472E-83C2-E6A46ED76152}.Debug|Any CPU.ActiveCfg = Debug|Any CPU
		{5F7E7350-3FB3-472E-83C2-E6A46ED76152}.Debug|Any CPU.Build.0 = Debug|Any CPU
		{5F7E7350-3FB3-472E-83C2-E6A46ED76152}.Debug|x64.ActiveCfg = Debug|Any CPU
		{5F7E7350-3FB3-472E-83C2-E6A46ED76152}.Debug|x64.Build.0 = Debug|Any CPU
		{5F7E7350-3FB3-472E-83C2-E6A46ED76152}.Release|Any CPU.ActiveCfg = Release|Any CPU
		{5F7E7350-3FB3-472E-83C2-E6A46ED76152}.Release|Any CPU.Build.0 = Release|Any CPU
		{5F7E7350-3FB3-472E-83C2-E6A46ED76152}.Release|x64.ActiveCfg = Release|Any CPU
		{5F7E7350-3FB3-472E-83C2-E6A46ED76152}.Release|x64.Build.0 = Release|Any CPU
		{E222B771-58F7-49FB-8660-211B4BD1047A}.Debug|Any CPU.ActiveCfg = Debug|Any CPU
		{E222B771-58F7-49FB-8660-211B4BD1047A}.Debug|Any CPU.Build.0 = Debug|Any CPU
		{E222B771-58F7-49FB-8660-211B4BD1047A}.Debug|x64.ActiveCfg = Debug|Any CPU
		{E222B771-58F7-49FB-8660-211B4BD1047A}.Debug|x64.Build.0 = Debug|Any CPU
		{E222B771-58F7-49FB-8660-211B4BD1047A}.Release|Any CPU.ActiveCfg = Release|Any CPU
		{E222B771-58F7-49FB-8660-211B4BD1047A}.Release|Any CPU.Build.0 = Release|Any CPU
		{E222B771-58F7-49FB-8660-211B4BD1047A}.Release|x64.ActiveCfg = Release|Any CPU
		{E222B771-58F7-49FB-8660-211B4BD1047A}.Release|x64.Build.0 = Release|Any CPU
		{5E4D4D0E-0749-4340-BAE7-17EC25F5FB08}.Debug|Any CPU.ActiveCfg = Debug|Any CPU
		{5E4D4D0E-0749-4340-BAE7-17EC25F5FB08}.Debug|Any CPU.Build.0 = Debug|Any CPU
		{5E4D4D0E-0749-4340-BAE7-17EC25F5FB08}.Debug|x64.ActiveCfg = Debug|Any CPU
		{5E4D4D0E-0749-4340-BAE7-17EC25F5FB08}.Debug|x64.Build.0 = Debug|Any CPU
		{5E4D4D0E-0749-4340-BAE7-17EC25F5FB08}.Release|Any CPU.ActiveCfg = Release|Any CPU
		{5E4D4D0E-0749-4340-BAE7-17EC25F5FB08}.Release|Any CPU.Build.0 = Release|Any CPU
		{5E4D4D0E-0749-4340-BAE7-17EC25F5FB08}.Release|x64.ActiveCfg = Release|Any CPU
		{5E4D4D0E-0749-4340-BAE7-17EC25F5FB08}.Release|x64.Build.0 = Release|Any CPU
		{5C2B5EDB-A804-445D-AA41-F162CD5B7ABA}.Debug|Any CPU.ActiveCfg = Debug|Any CPU
		{5C2B5EDB-A804-445D-AA41-F162CD5B7ABA}.Debug|Any CPU.Build.0 = Debug|Any CPU
		{5C2B5EDB-A804-445D-AA41-F162CD5B7ABA}.Debug|x64.ActiveCfg = Debug|Any CPU
		{5C2B5EDB-A804-445D-AA41-F162CD5B7ABA}.Debug|x64.Build.0 = Debug|Any CPU
		{5C2B5EDB-A804-445D-AA41-F162CD5B7ABA}.Release|Any CPU.ActiveCfg = Release|Any CPU
		{5C2B5EDB-A804-445D-AA41-F162CD5B7ABA}.Release|Any CPU.Build.0 = Release|Any CPU
		{5C2B5EDB-A804-445D-AA41-F162CD5B7ABA}.Release|x64.ActiveCfg = Release|Any CPU
		{5C2B5EDB-A804-445D-AA41-F162CD5B7ABA}.Release|x64.Build.0 = Release|Any CPU
		{4BE549EC-219F-4F04-B72D-E5868C279E77}.Debug|Any CPU.ActiveCfg = Debug|Any CPU
		{4BE549EC-219F-4F04-B72D-E5868C279E77}.Debug|Any CPU.Build.0 = Debug|Any CPU
		{4BE549EC-219F-4F04-B72D-E5868C279E77}.Debug|x64.ActiveCfg = Debug|Any CPU
		{4BE549EC-219F-4F04-B72D-E5868C279E77}.Debug|x64.Build.0 = Debug|Any CPU
		{4BE549EC-219F-4F04-B72D-E5868C279E77}.Release|Any CPU.ActiveCfg = Release|Any CPU
		{4BE549EC-219F-4F04-B72D-E5868C279E77}.Release|Any CPU.Build.0 = Release|Any CPU
		{4BE549EC-219F-4F04-B72D-E5868C279E77}.Release|x64.ActiveCfg = Release|Any CPU
		{4BE549EC-219F-4F04-B72D-E5868C279E77}.Release|x64.Build.0 = Release|Any CPU
		{5556DD0A-20D6-4E2F-879A-4A6A383F1005}.Debug|Any CPU.ActiveCfg = Debug|Any CPU
		{5556DD0A-20D6-4E2F-879A-4A6A383F1005}.Debug|Any CPU.Build.0 = Debug|Any CPU
		{5556DD0A-20D6-4E2F-879A-4A6A383F1005}.Debug|x64.ActiveCfg = Debug|Any CPU
		{5556DD0A-20D6-4E2F-879A-4A6A383F1005}.Debug|x64.Build.0 = Debug|Any CPU
		{5556DD0A-20D6-4E2F-879A-4A6A383F1005}.Release|Any CPU.ActiveCfg = Release|Any CPU
		{5556DD0A-20D6-4E2F-879A-4A6A383F1005}.Release|Any CPU.Build.0 = Release|Any CPU
		{5556DD0A-20D6-4E2F-879A-4A6A383F1005}.Release|x64.ActiveCfg = Release|Any CPU
		{5556DD0A-20D6-4E2F-879A-4A6A383F1005}.Release|x64.Build.0 = Release|Any CPU
		{127F8999-52E8-4430-BDB7-8E72E5C3F718}.Debug|Any CPU.ActiveCfg = Debug|Any CPU
		{127F8999-52E8-4430-BDB7-8E72E5C3F718}.Debug|Any CPU.Build.0 = Debug|Any CPU
		{127F8999-52E8-4430-BDB7-8E72E5C3F718}.Debug|x64.ActiveCfg = Debug|Any CPU
		{127F8999-52E8-4430-BDB7-8E72E5C3F718}.Debug|x64.Build.0 = Debug|Any CPU
		{127F8999-52E8-4430-BDB7-8E72E5C3F718}.Release|Any CPU.ActiveCfg = Release|Any CPU
		{127F8999-52E8-4430-BDB7-8E72E5C3F718}.Release|Any CPU.Build.0 = Release|Any CPU
		{127F8999-52E8-4430-BDB7-8E72E5C3F718}.Release|x64.ActiveCfg = Release|Any CPU
		{127F8999-52E8-4430-BDB7-8E72E5C3F718}.Release|x64.Build.0 = Release|Any CPU
		{95E2CDD5-8A9E-464C-B270-4F1FC9E2EDB5}.Debug|Any CPU.ActiveCfg = Debug|Any CPU
		{95E2CDD5-8A9E-464C-B270-4F1FC9E2EDB5}.Debug|Any CPU.Build.0 = Debug|Any CPU
		{95E2CDD5-8A9E-464C-B270-4F1FC9E2EDB5}.Debug|x64.ActiveCfg = Debug|Any CPU
		{95E2CDD5-8A9E-464C-B270-4F1FC9E2EDB5}.Debug|x64.Build.0 = Debug|Any CPU
		{95E2CDD5-8A9E-464C-B270-4F1FC9E2EDB5}.Release|Any CPU.ActiveCfg = Release|Any CPU
		{95E2CDD5-8A9E-464C-B270-4F1FC9E2EDB5}.Release|Any CPU.Build.0 = Release|Any CPU
		{95E2CDD5-8A9E-464C-B270-4F1FC9E2EDB5}.Release|x64.ActiveCfg = Release|Any CPU
		{95E2CDD5-8A9E-464C-B270-4F1FC9E2EDB5}.Release|x64.Build.0 = Release|Any CPU
		{AF797FAA-4A02-40F3-83FD-42B5AC4186F9}.Debug|Any CPU.ActiveCfg = Debug|Any CPU
		{AF797FAA-4A02-40F3-83FD-42B5AC4186F9}.Debug|Any CPU.Build.0 = Debug|Any CPU
		{AF797FAA-4A02-40F3-83FD-42B5AC4186F9}.Debug|x64.ActiveCfg = Debug|Any CPU
		{AF797FAA-4A02-40F3-83FD-42B5AC4186F9}.Debug|x64.Build.0 = Debug|Any CPU
		{AF797FAA-4A02-40F3-83FD-42B5AC4186F9}.Release|Any CPU.ActiveCfg = Release|Any CPU
		{AF797FAA-4A02-40F3-83FD-42B5AC4186F9}.Release|Any CPU.Build.0 = Release|Any CPU
		{AF797FAA-4A02-40F3-83FD-42B5AC4186F9}.Release|x64.ActiveCfg = Release|Any CPU
		{AF797FAA-4A02-40F3-83FD-42B5AC4186F9}.Release|x64.Build.0 = Release|Any CPU
		{F23842DA-0B61-4F1D-A87B-01B8ACD09AB9}.Debug|Any CPU.ActiveCfg = Debug|Any CPU
		{F23842DA-0B61-4F1D-A87B-01B8ACD09AB9}.Debug|Any CPU.Build.0 = Debug|Any CPU
		{F23842DA-0B61-4F1D-A87B-01B8ACD09AB9}.Debug|x64.ActiveCfg = Debug|Any CPU
		{F23842DA-0B61-4F1D-A87B-01B8ACD09AB9}.Debug|x64.Build.0 = Debug|Any CPU
		{F23842DA-0B61-4F1D-A87B-01B8ACD09AB9}.Release|Any CPU.ActiveCfg = Release|Any CPU
		{F23842DA-0B61-4F1D-A87B-01B8ACD09AB9}.Release|Any CPU.Build.0 = Release|Any CPU
		{F23842DA-0B61-4F1D-A87B-01B8ACD09AB9}.Release|x64.ActiveCfg = Release|Any CPU
		{F23842DA-0B61-4F1D-A87B-01B8ACD09AB9}.Release|x64.Build.0 = Release|Any CPU
		{41C13CE7-E3E4-4626-8EFA-870285EE45DC}.Debug|Any CPU.ActiveCfg = Debug|Any CPU
		{41C13CE7-E3E4-4626-8EFA-870285EE45DC}.Debug|Any CPU.Build.0 = Debug|Any CPU
		{41C13CE7-E3E4-4626-8EFA-870285EE45DC}.Debug|x64.ActiveCfg = Debug|Any CPU
		{41C13CE7-E3E4-4626-8EFA-870285EE45DC}.Debug|x64.Build.0 = Debug|Any CPU
		{41C13CE7-E3E4-4626-8EFA-870285EE45DC}.Release|Any CPU.ActiveCfg = Release|Any CPU
		{41C13CE7-E3E4-4626-8EFA-870285EE45DC}.Release|Any CPU.Build.0 = Release|Any CPU
		{41C13CE7-E3E4-4626-8EFA-870285EE45DC}.Release|x64.ActiveCfg = Release|Any CPU
		{41C13CE7-E3E4-4626-8EFA-870285EE45DC}.Release|x64.Build.0 = Release|Any CPU
		{9B23F66E-77E6-4695-ACD7-862EA2FF57CC}.Debug|Any CPU.ActiveCfg = Debug|Any CPU
		{9B23F66E-77E6-4695-ACD7-862EA2FF57CC}.Debug|Any CPU.Build.0 = Debug|Any CPU
		{9B23F66E-77E6-4695-ACD7-862EA2FF57CC}.Debug|x64.ActiveCfg = Debug|Any CPU
		{9B23F66E-77E6-4695-ACD7-862EA2FF57CC}.Debug|x64.Build.0 = Debug|Any CPU
		{9B23F66E-77E6-4695-ACD7-862EA2FF57CC}.Release|Any CPU.ActiveCfg = Release|Any CPU
		{9B23F66E-77E6-4695-ACD7-862EA2FF57CC}.Release|Any CPU.Build.0 = Release|Any CPU
		{9B23F66E-77E6-4695-ACD7-862EA2FF57CC}.Release|x64.ActiveCfg = Release|Any CPU
		{9B23F66E-77E6-4695-ACD7-862EA2FF57CC}.Release|x64.Build.0 = Release|Any CPU
		{B944999F-EB9E-47F6-B50A-23D0AD210C8A}.Debug|Any CPU.ActiveCfg = Debug|Any CPU
		{B944999F-EB9E-47F6-B50A-23D0AD210C8A}.Debug|Any CPU.Build.0 = Debug|Any CPU
		{B944999F-EB9E-47F6-B50A-23D0AD210C8A}.Debug|x64.ActiveCfg = Debug|Any CPU
		{B944999F-EB9E-47F6-B50A-23D0AD210C8A}.Debug|x64.Build.0 = Debug|Any CPU
		{B944999F-EB9E-47F6-B50A-23D0AD210C8A}.Release|Any CPU.ActiveCfg = Release|Any CPU
		{B944999F-EB9E-47F6-B50A-23D0AD210C8A}.Release|Any CPU.Build.0 = Release|Any CPU
		{B944999F-EB9E-47F6-B50A-23D0AD210C8A}.Release|x64.ActiveCfg = Release|Any CPU
		{B944999F-EB9E-47F6-B50A-23D0AD210C8A}.Release|x64.Build.0 = Release|Any CPU
		{8197CAE4-56B0-4CEC-96B8-567D34B59DF9}.Debug|Any CPU.ActiveCfg = Debug|Any CPU
		{8197CAE4-56B0-4CEC-96B8-567D34B59DF9}.Debug|Any CPU.Build.0 = Debug|Any CPU
		{8197CAE4-56B0-4CEC-96B8-567D34B59DF9}.Debug|x64.ActiveCfg = Debug|Any CPU
		{8197CAE4-56B0-4CEC-96B8-567D34B59DF9}.Debug|x64.Build.0 = Debug|Any CPU
		{8197CAE4-56B0-4CEC-96B8-567D34B59DF9}.Release|Any CPU.ActiveCfg = Release|Any CPU
		{8197CAE4-56B0-4CEC-96B8-567D34B59DF9}.Release|Any CPU.Build.0 = Release|Any CPU
		{8197CAE4-56B0-4CEC-96B8-567D34B59DF9}.Release|x64.ActiveCfg = Release|Any CPU
		{8197CAE4-56B0-4CEC-96B8-567D34B59DF9}.Release|x64.Build.0 = Release|Any CPU
		{0BFAB44E-BC99-49F3-9F60-3A5E1DA977D2}.Debug|Any CPU.ActiveCfg = Debug|Any CPU
		{0BFAB44E-BC99-49F3-9F60-3A5E1DA977D2}.Debug|Any CPU.Build.0 = Debug|Any CPU
		{0BFAB44E-BC99-49F3-9F60-3A5E1DA977D2}.Debug|x64.ActiveCfg = Debug|x64
		{0BFAB44E-BC99-49F3-9F60-3A5E1DA977D2}.Debug|x64.Build.0 = Debug|x64
		{0BFAB44E-BC99-49F3-9F60-3A5E1DA977D2}.Release|Any CPU.ActiveCfg = Release|Any CPU
		{0BFAB44E-BC99-49F3-9F60-3A5E1DA977D2}.Release|Any CPU.Build.0 = Release|Any CPU
		{0BFAB44E-BC99-49F3-9F60-3A5E1DA977D2}.Release|x64.ActiveCfg = Release|x64
		{0BFAB44E-BC99-49F3-9F60-3A5E1DA977D2}.Release|x64.Build.0 = Release|x64
		{6B197067-7587-4B26-9D6A-BE5687DD723C}.Debug|Any CPU.ActiveCfg = Debug|Any CPU
		{6B197067-7587-4B26-9D6A-BE5687DD723C}.Debug|Any CPU.Build.0 = Debug|Any CPU
		{6B197067-7587-4B26-9D6A-BE5687DD723C}.Debug|x64.ActiveCfg = Debug|Any CPU
		{6B197067-7587-4B26-9D6A-BE5687DD723C}.Debug|x64.Build.0 = Debug|Any CPU
		{6B197067-7587-4B26-9D6A-BE5687DD723C}.Release|Any CPU.ActiveCfg = Release|Any CPU
		{6B197067-7587-4B26-9D6A-BE5687DD723C}.Release|Any CPU.Build.0 = Release|Any CPU
		{6B197067-7587-4B26-9D6A-BE5687DD723C}.Release|x64.ActiveCfg = Release|Any CPU
		{6B197067-7587-4B26-9D6A-BE5687DD723C}.Release|x64.Build.0 = Release|Any CPU
		{37E56F9A-E5BA-4B65-BA51-A8691545E9BE}.Debug|Any CPU.ActiveCfg = Debug|Any CPU
		{37E56F9A-E5BA-4B65-BA51-A8691545E9BE}.Debug|Any CPU.Build.0 = Debug|Any CPU
		{37E56F9A-E5BA-4B65-BA51-A8691545E9BE}.Debug|x64.ActiveCfg = Debug|Any CPU
		{37E56F9A-E5BA-4B65-BA51-A8691545E9BE}.Debug|x64.Build.0 = Debug|Any CPU
		{37E56F9A-E5BA-4B65-BA51-A8691545E9BE}.Release|Any CPU.ActiveCfg = Release|Any CPU
		{37E56F9A-E5BA-4B65-BA51-A8691545E9BE}.Release|Any CPU.Build.0 = Release|Any CPU
		{37E56F9A-E5BA-4B65-BA51-A8691545E9BE}.Release|x64.ActiveCfg = Release|Any CPU
		{37E56F9A-E5BA-4B65-BA51-A8691545E9BE}.Release|x64.Build.0 = Release|Any CPU
		{97F09AE0-C22F-481D-AD20-FE3EE8832F3D}.Debug|Any CPU.ActiveCfg = Debug|Any CPU
		{97F09AE0-C22F-481D-AD20-FE3EE8832F3D}.Debug|Any CPU.Build.0 = Debug|Any CPU
		{97F09AE0-C22F-481D-AD20-FE3EE8832F3D}.Debug|x64.ActiveCfg = Debug|Any CPU
		{97F09AE0-C22F-481D-AD20-FE3EE8832F3D}.Debug|x64.Build.0 = Debug|Any CPU
		{97F09AE0-C22F-481D-AD20-FE3EE8832F3D}.Release|Any CPU.ActiveCfg = Release|Any CPU
		{97F09AE0-C22F-481D-AD20-FE3EE8832F3D}.Release|Any CPU.Build.0 = Release|Any CPU
		{97F09AE0-C22F-481D-AD20-FE3EE8832F3D}.Release|x64.ActiveCfg = Release|Any CPU
		{97F09AE0-C22F-481D-AD20-FE3EE8832F3D}.Release|x64.Build.0 = Release|Any CPU
		{CF14A846-B1E0-4BC0-AB03-B0F7BD7BB71B}.Debug|Any CPU.ActiveCfg = Debug|Any CPU
		{CF14A846-B1E0-4BC0-AB03-B0F7BD7BB71B}.Debug|Any CPU.Build.0 = Debug|Any CPU
		{CF14A846-B1E0-4BC0-AB03-B0F7BD7BB71B}.Debug|x64.ActiveCfg = Debug|Any CPU
		{CF14A846-B1E0-4BC0-AB03-B0F7BD7BB71B}.Debug|x64.Build.0 = Debug|Any CPU
		{CF14A846-B1E0-4BC0-AB03-B0F7BD7BB71B}.Release|Any CPU.ActiveCfg = Release|Any CPU
		{CF14A846-B1E0-4BC0-AB03-B0F7BD7BB71B}.Release|Any CPU.Build.0 = Release|Any CPU
		{CF14A846-B1E0-4BC0-AB03-B0F7BD7BB71B}.Release|x64.ActiveCfg = Release|Any CPU
		{CF14A846-B1E0-4BC0-AB03-B0F7BD7BB71B}.Release|x64.Build.0 = Release|Any CPU
	EndGlobalSection
	GlobalSection(SolutionProperties) = preSolution
		HideSolutionNode = FALSE
	EndGlobalSection
	GlobalSection(ExtensibilityGlobals) = postSolution
		SolutionGuid = {F725DE6E-B60F-4175-A746-4AA232A33D7E}
	EndGlobalSection
EndGlobal
