
Microsoft Visual Studio Solution File, Format Version 12.00
# Visual Studio Version 17
VisualStudioVersion = 17.3.32922.545
MinimumVisualStudioVersion = 10.0.40219.1
Project("{FAE04EC0-301F-11D3-BF4B-00C04F79EFBC}") = "House-144", "House-144.csproj", "{B3991394-E190-45BF-B43A-6B44529C2451}"
EndProject
Global
	GlobalSection(SolutionConfigurationPlatforms) = preSolution
		Debug|Any CPU = Debug|Any CPU
		Release|Any CPU = Release|Any CPU
	EndGlobalSection
	GlobalSection(ProjectConfigurationPlatforms) = postSolution
		{B3991394-E190-45BF-B43A-6B44529C2451}.Debug|Any CPU.ActiveCfg = Debug|Any CPU
		{B3991394-E190-45BF-B43A-6B44529C2451}.Debug|Any CPU.Build.0 = Debug|Any CPU
		{B3991394-E190-45BF-B43A-6B44529C2451}.Release|Any CPU.ActiveCfg = Release|Any CPU
		{B3991394-E190-45BF-B43A-6B44529C2451}.Release|Any CPU.Build.0 = Release|Any CPU
	EndGlobalSection
	GlobalSection(SolutionProperties) = preSolution
		HideSolutionNode = FALSE
	EndGlobalSection
	GlobalSection(ExtensibilityGlobals) = postSolution
		SolutionGuid = {643E4C88-6929-482E-B7A0-6682C6061E31}
	EndGlobalSection
EndGlobal
